
Microsoft Visual Studio Solution File, Format Version 12.00
# Visual Studio Version 16
VisualStudioVersion = 16.0.29020.237
MinimumVisualStudioVersion = 10.0.40219.1
Project("{FAE04EC0-301F-11D3-BF4B-00C04F79EFBC}") = "TestProblems", "TestProblems\TestProblems.csproj", "{4DC92F15-F2E8-4144-82FF-8BA22C3098A7}"
EndProject
Global
	GlobalSection(SolutionConfigurationPlatforms) = preSolution
		Debug|Any CPU = Debug|Any CPU
		Release|Any CPU = Release|Any CPU
	EndGlobalSection
	GlobalSection(ProjectConfigurationPlatforms) = postSolution
		{4DC92F15-F2E8-4144-82FF-8BA22C3098A7}.Debug|Any CPU.ActiveCfg = Debug|Any CPU
		{4DC92F15-F2E8-4144-82FF-8BA22C3098A7}.Debug|Any CPU.Build.0 = Debug|Any CPU
		{4DC92F15-F2E8-4144-82FF-8BA22C3098A7}.Release|Any CPU.ActiveCfg = Release|Any CPU
		{4DC92F15-F2E8-4144-82FF-8BA22C3098A7}.Release|Any CPU.Build.0 = Release|Any CPU
	EndGlobalSection
	GlobalSection(SolutionProperties) = preSolution
		HideSolutionNode = FALSE
	EndGlobalSection
	GlobalSection(ExtensibilityGlobals) = postSolution
		SolutionGuid = {027E8299-974F-40CD-85C7-E50E7BE554F8}
	EndGlobalSection
EndGlobal
